
Microsoft Visual Studio Solution File, Format Version 12.00
# Visual Studio Version 17
VisualStudioVersion = 17.5.33530.505
MinimumVisualStudioVersion = 10.0.40219.1
Project("{FAE04EC0-301F-11D3-BF4B-00C04F79EFBC}") = "AndreTurismoDapper", "AndreTurismoDapper\AndreTurismoDapper.csproj", "{7964F8CD-F13C-4331-A380-436B6B672BF0}"
EndProject
Project("{FAE04EC0-301F-11D3-BF4B-00C04F79EFBC}") = "Models", "Models\Models.csproj", "{A644BB65-265E-4258-85CD-D34177F75E9F}"
EndProject
Project("{FAE04EC0-301F-11D3-BF4B-00C04F79EFBC}") = "Controllers", "Controllers\Controllers.csproj", "{759C25C7-967D-42FC-8337-78473DB59A84}"
EndProject
Project("{FAE04EC0-301F-11D3-BF4B-00C04F79EFBC}") = "Services", "Services\Services.csproj", "{A2F3F797-658A-4097-BF85-A309FAF81676}"
EndProject
Project("{FAE04EC0-301F-11D3-BF4B-00C04F79EFBC}") = "Repositories", "Repositories\Repositories.csproj", "{4E572BC5-7A5D-4C47-8B4C-58C957F120B7}"
EndProject
Global
	GlobalSection(SolutionConfigurationPlatforms) = preSolution
		Debug|Any CPU = Debug|Any CPU
		Release|Any CPU = Release|Any CPU
	EndGlobalSection
	GlobalSection(ProjectConfigurationPlatforms) = postSolution
		{7964F8CD-F13C-4331-A380-436B6B672BF0}.Debug|Any CPU.ActiveCfg = Debug|Any CPU
		{7964F8CD-F13C-4331-A380-436B6B672BF0}.Debug|Any CPU.Build.0 = Debug|Any CPU
		{7964F8CD-F13C-4331-A380-436B6B672BF0}.Release|Any CPU.ActiveCfg = Release|Any CPU
		{7964F8CD-F13C-4331-A380-436B6B672BF0}.Release|Any CPU.Build.0 = Release|Any CPU
		{A644BB65-265E-4258-85CD-D34177F75E9F}.Debug|Any CPU.ActiveCfg = Debug|Any CPU
		{A644BB65-265E-4258-85CD-D34177F75E9F}.Debug|Any CPU.Build.0 = Debug|Any CPU
		{A644BB65-265E-4258-85CD-D34177F75E9F}.Release|Any CPU.ActiveCfg = Release|Any CPU
		{A644BB65-265E-4258-85CD-D34177F75E9F}.Release|Any CPU.Build.0 = Release|Any CPU
		{759C25C7-967D-42FC-8337-78473DB59A84}.Debug|Any CPU.ActiveCfg = Debug|Any CPU
		{759C25C7-967D-42FC-8337-78473DB59A84}.Debug|Any CPU.Build.0 = Debug|Any CPU
		{759C25C7-967D-42FC-8337-78473DB59A84}.Release|Any CPU.ActiveCfg = Release|Any CPU
		{759C25C7-967D-42FC-8337-78473DB59A84}.Release|Any CPU.Build.0 = Release|Any CPU
		{A2F3F797-658A-4097-BF85-A309FAF81676}.Debug|Any CPU.ActiveCfg = Debug|Any CPU
		{A2F3F797-658A-4097-BF85-A309FAF81676}.Debug|Any CPU.Build.0 = Debug|Any CPU
		{A2F3F797-658A-4097-BF85-A309FAF81676}.Release|Any CPU.ActiveCfg = Release|Any CPU
		{A2F3F797-658A-4097-BF85-A309FAF81676}.Release|Any CPU.Build.0 = Release|Any CPU
		{4E572BC5-7A5D-4C47-8B4C-58C957F120B7}.Debug|Any CPU.ActiveCfg = Debug|Any CPU
		{4E572BC5-7A5D-4C47-8B4C-58C957F120B7}.Debug|Any CPU.Build.0 = Debug|Any CPU
		{4E572BC5-7A5D-4C47-8B4C-58C957F120B7}.Release|Any CPU.ActiveCfg = Release|Any CPU
		{4E572BC5-7A5D-4C47-8B4C-58C957F120B7}.Release|Any CPU.Build.0 = Release|Any CPU
	EndGlobalSection
	GlobalSection(SolutionProperties) = preSolution
		HideSolutionNode = FALSE
	EndGlobalSection
	GlobalSection(ExtensibilityGlobals) = postSolution
		SolutionGuid = {3DA48B9D-8D8E-48E7-BECF-057201B2D4FA}
	EndGlobalSection
EndGlobal
